// !$*UTF8*$!
{
	archiveVersion = 1;
	classes = {
	};
	objectVersion = 50;
	objects = {

/* Begin PBXBuildFile section */
		CF67570C24E9D2940086560B /* AppDelegate.swift in Sources */ = {isa = PBXBuildFile; fileRef = CF67570B24E9D2940086560B /* AppDelegate.swift */; };
		CF67570E24E9D2940086560B /* SceneDelegate.swift in Sources */ = {isa = PBXBuildFile; fileRef = CF67570D24E9D2940086560B /* SceneDelegate.swift */; };
		CF67571024E9D2940086560B /* ContentView.swift in Sources */ = {isa = PBXBuildFile; fileRef = CF67570F24E9D2940086560B /* ContentView.swift */; };
		CF67571224E9D29B0086560B /* Assets.xcassets in Resources */ = {isa = PBXBuildFile; fileRef = CF67571124E9D29B0086560B /* Assets.xcassets */; };
		CF67571524E9D29B0086560B /* Preview Assets.xcassets in Resources */ = {isa = PBXBuildFile; fileRef = CF67571424E9D29B0086560B /* Preview Assets.xcassets */; };
		CF67571824E9D29B0086560B /* LaunchScreen.storyboard in Resources */ = {isa = PBXBuildFile; fileRef = CF67571624E9D29B0086560B /* LaunchScreen.storyboard */; };
		CF67572324E9D29B0086560B /* PingWhenDownTests.swift in Sources */ = {isa = PBXBuildFile; fileRef = CF67572224E9D29B0086560B /* PingWhenDownTests.swift */; };
		CF67572E24E9D29B0086560B /* PingWhenDownUITests.swift in Sources */ = {isa = PBXBuildFile; fileRef = CF67572D24E9D29B0086560B /* PingWhenDownUITests.swift */; };
		CF910A8324EBFDEA007FF06A /* ListRow.swift in Sources */ = {isa = PBXBuildFile; fileRef = CF910A8224EBFDEA007FF06A /* ListRow.swift */; };
		CF910A8624EC0169007FF06A /* ListStatusIcon.swift in Sources */ = {isa = PBXBuildFile; fileRef = CF910A8524EC0169007FF06A /* ListStatusIcon.swift */; };
		CF910A8A24EC042C007FF06A /* Website.swift in Sources */ = {isa = PBXBuildFile; fileRef = CF910A8924EC042C007FF06A /* Website.swift */; };
/* End PBXBuildFile section */

/* Begin PBXContainerItemProxy section */
		CF67571F24E9D29B0086560B /* PBXContainerItemProxy */ = {
			isa = PBXContainerItemProxy;
			containerPortal = CF67570024E9D2940086560B /* Project object */;
			proxyType = 1;
			remoteGlobalIDString = CF67570724E9D2940086560B;
			remoteInfo = PingWhenDown;
		};
		CF67572A24E9D29B0086560B /* PBXContainerItemProxy */ = {
			isa = PBXContainerItemProxy;
			containerPortal = CF67570024E9D2940086560B /* Project object */;
			proxyType = 1;
			remoteGlobalIDString = CF67570724E9D2940086560B;
			remoteInfo = PingWhenDown;
		};
/* End PBXContainerItemProxy section */

/* Begin PBXFileReference section */
		CF67570824E9D2940086560B /* PingWhenDown.app */ = {isa = PBXFileReference; explicitFileType = wrapper.application; includeInIndex = 0; path = PingWhenDown.app; sourceTree = BUILT_PRODUCTS_DIR; };
		CF67570B24E9D2940086560B /* AppDelegate.swift */ = {isa = PBXFileReference; lastKnownFileType = sourcecode.swift; path = AppDelegate.swift; sourceTree = "<group>"; };
		CF67570D24E9D2940086560B /* SceneDelegate.swift */ = {isa = PBXFileReference; lastKnownFileType = sourcecode.swift; path = SceneDelegate.swift; sourceTree = "<group>"; };
		CF67570F24E9D2940086560B /* ContentView.swift */ = {isa = PBXFileReference; lastKnownFileType = sourcecode.swift; path = ContentView.swift; sourceTree = "<group>"; };
		CF67571124E9D29B0086560B /* Assets.xcassets */ = {isa = PBXFileReference; lastKnownFileType = folder.assetcatalog; path = Assets.xcassets; sourceTree = "<group>"; };
		CF67571424E9D29B0086560B /* Preview Assets.xcassets */ = {isa = PBXFileReference; lastKnownFileType = folder.assetcatalog; path = "Preview Assets.xcassets"; sourceTree = "<group>"; };
		CF67571724E9D29B0086560B /* Base */ = {isa = PBXFileReference; lastKnownFileType = file.storyboard; name = Base; path = Base.lproj/LaunchScreen.storyboard; sourceTree = "<group>"; };
		CF67571924E9D29B0086560B /* Info.plist */ = {isa = PBXFileReference; lastKnownFileType = text.plist.xml; path = Info.plist; sourceTree = "<group>"; };
		CF67571E24E9D29B0086560B /* PingWhenDownTests.xctest */ = {isa = PBXFileReference; explicitFileType = wrapper.cfbundle; includeInIndex = 0; path = PingWhenDownTests.xctest; sourceTree = BUILT_PRODUCTS_DIR; };
		CF67572224E9D29B0086560B /* PingWhenDownTests.swift */ = {isa = PBXFileReference; lastKnownFileType = sourcecode.swift; path = PingWhenDownTests.swift; sourceTree = "<group>"; };
		CF67572424E9D29B0086560B /* Info.plist */ = {isa = PBXFileReference; lastKnownFileType = text.plist.xml; path = Info.plist; sourceTree = "<group>"; };
		CF67572924E9D29B0086560B /* PingWhenDownUITests.xctest */ = {isa = PBXFileReference; explicitFileType = wrapper.cfbundle; includeInIndex = 0; path = PingWhenDownUITests.xctest; sourceTree = BUILT_PRODUCTS_DIR; };
		CF67572D24E9D29B0086560B /* PingWhenDownUITests.swift */ = {isa = PBXFileReference; lastKnownFileType = sourcecode.swift; path = PingWhenDownUITests.swift; sourceTree = "<group>"; };
		CF67572F24E9D29B0086560B /* Info.plist */ = {isa = PBXFileReference; lastKnownFileType = text.plist.xml; path = Info.plist; sourceTree = "<group>"; };
		CF910A8224EBFDEA007FF06A /* ListRow.swift */ = {isa = PBXFileReference; lastKnownFileType = sourcecode.swift; path = ListRow.swift; sourceTree = "<group>"; };
		CF910A8524EC0169007FF06A /* ListStatusIcon.swift */ = {isa = PBXFileReference; lastKnownFileType = sourcecode.swift; path = ListStatusIcon.swift; sourceTree = "<group>"; };
		CF910A8924EC042C007FF06A /* Website.swift */ = {isa = PBXFileReference; lastKnownFileType = sourcecode.swift; path = Website.swift; sourceTree = "<group>"; };
/* End PBXFileReference section */

/* Begin PBXFrameworksBuildPhase section */
		CF67570524E9D2940086560B /* Frameworks */ = {
			isa = PBXFrameworksBuildPhase;
			buildActionMask = 2147483647;
			files = (
			);
			runOnlyForDeploymentPostprocessing = 0;
		};
		CF67571B24E9D29B0086560B /* Frameworks */ = {
			isa = PBXFrameworksBuildPhase;
			buildActionMask = 2147483647;
			files = (
			);
			runOnlyForDeploymentPostprocessing = 0;
		};
		CF67572624E9D29B0086560B /* Frameworks */ = {
			isa = PBXFrameworksBuildPhase;
			buildActionMask = 2147483647;
			files = (
			);
			runOnlyForDeploymentPostprocessing = 0;
		};
/* End PBXFrameworksBuildPhase section */

/* Begin PBXGroup section */
		CF6756FF24E9D2940086560B = {
			isa = PBXGroup;
			children = (
				CF67570A24E9D2940086560B /* PingWhenDown */,
				CF67572124E9D29B0086560B /* PingWhenDownTests */,
				CF67572C24E9D29B0086560B /* PingWhenDownUITests */,
				CF67570924E9D2940086560B /* Products */,
			);
			sourceTree = "<group>";
		};
		CF67570924E9D2940086560B /* Products */ = {
			isa = PBXGroup;
			children = (
				CF67570824E9D2940086560B /* PingWhenDown.app */,
				CF67571E24E9D29B0086560B /* PingWhenDownTests.xctest */,
				CF67572924E9D29B0086560B /* PingWhenDownUITests.xctest */,
			);
			name = Products;
			sourceTree = "<group>";
		};
		CF67570A24E9D2940086560B /* PingWhenDown */ = {
			isa = PBXGroup;
			children = (
				CF67570B24E9D2940086560B /* AppDelegate.swift */,
				CF67570D24E9D2940086560B /* SceneDelegate.swift */,
				CF67570F24E9D2940086560B /* ContentView.swift */,
				CF910A8424EBFFF6007FF06A /* List Components */,
				CF910A8924EC042C007FF06A /* Website.swift */,
				CF67571124E9D29B0086560B /* Assets.xcassets */,
				CF67571624E9D29B0086560B /* LaunchScreen.storyboard */,
				CF67571924E9D29B0086560B /* Info.plist */,
				CF67571324E9D29B0086560B /* Preview Content */,
			);
			path = PingWhenDown;
			sourceTree = "<group>";
		};
		CF67571324E9D29B0086560B /* Preview Content */ = {
			isa = PBXGroup;
			children = (
				CF67571424E9D29B0086560B /* Preview Assets.xcassets */,
			);
			path = "Preview Content";
			sourceTree = "<group>";
		};
		CF67572124E9D29B0086560B /* PingWhenDownTests */ = {
			isa = PBXGroup;
			children = (
				CF67572224E9D29B0086560B /* PingWhenDownTests.swift */,
				CF67572424E9D29B0086560B /* Info.plist */,
			);
			path = PingWhenDownTests;
			sourceTree = "<group>";
		};
		CF67572C24E9D29B0086560B /* PingWhenDownUITests */ = {
			isa = PBXGroup;
			children = (
				CF67572D24E9D29B0086560B /* PingWhenDownUITests.swift */,
				CF67572F24E9D29B0086560B /* Info.plist */,
			);
			path = PingWhenDownUITests;
			sourceTree = "<group>";
		};
		CF910A8424EBFFF6007FF06A /* List Components */ = {
			isa = PBXGroup;
			children = (
				CF910A8224EBFDEA007FF06A /* ListRow.swift */,
				CF910A8524EC0169007FF06A /* ListStatusIcon.swift */,
			);
			path = "List Components";
			sourceTree = "<group>";
		};
/* End PBXGroup section */

/* Begin PBXNativeTarget section */
		CF67570724E9D2940086560B /* PingWhenDown */ = {
			isa = PBXNativeTarget;
			buildConfigurationList = CF67573224E9D29B0086560B /* Build configuration list for PBXNativeTarget "PingWhenDown" */;
			buildPhases = (
				CF67570424E9D2940086560B /* Sources */,
				CF67570524E9D2940086560B /* Frameworks */,
				CF67570624E9D2940086560B /* Resources */,
			);
			buildRules = (
			);
			dependencies = (
			);
			name = PingWhenDown;
			productName = PingWhenDown;
			productReference = CF67570824E9D2940086560B /* PingWhenDown.app */;
			productType = "com.apple.product-type.application";
		};
		CF67571D24E9D29B0086560B /* PingWhenDownTests */ = {
			isa = PBXNativeTarget;
			buildConfigurationList = CF67573524E9D29B0086560B /* Build configuration list for PBXNativeTarget "PingWhenDownTests" */;
			buildPhases = (
				CF67571A24E9D29B0086560B /* Sources */,
				CF67571B24E9D29B0086560B /* Frameworks */,
				CF67571C24E9D29B0086560B /* Resources */,
			);
			buildRules = (
			);
			dependencies = (
				CF67572024E9D29B0086560B /* PBXTargetDependency */,
			);
			name = PingWhenDownTests;
			productName = PingWhenDownTests;
			productReference = CF67571E24E9D29B0086560B /* PingWhenDownTests.xctest */;
			productType = "com.apple.product-type.bundle.unit-test";
		};
		CF67572824E9D29B0086560B /* PingWhenDownUITests */ = {
			isa = PBXNativeTarget;
			buildConfigurationList = CF67573824E9D29B0086560B /* Build configuration list for PBXNativeTarget "PingWhenDownUITests" */;
			buildPhases = (
				CF67572524E9D29B0086560B /* Sources */,
				CF67572624E9D29B0086560B /* Frameworks */,
				CF67572724E9D29B0086560B /* Resources */,
			);
			buildRules = (
			);
			dependencies = (
				CF67572B24E9D29B0086560B /* PBXTargetDependency */,
			);
			name = PingWhenDownUITests;
			productName = PingWhenDownUITests;
			productReference = CF67572924E9D29B0086560B /* PingWhenDownUITests.xctest */;
			productType = "com.apple.product-type.bundle.ui-testing";
		};
/* End PBXNativeTarget section */

/* Begin PBXProject section */
		CF67570024E9D2940086560B /* Project object */ = {
			isa = PBXProject;
			attributes = {
				LastSwiftUpdateCheck = 1160;
				LastUpgradeCheck = 1160;
				ORGANIZATIONNAME = "João de Vasconcelos";
				TargetAttributes = {
					CF67570724E9D2940086560B = {
						CreatedOnToolsVersion = 11.6;
					};
					CF67571D24E9D29B0086560B = {
						CreatedOnToolsVersion = 11.6;
						TestTargetID = CF67570724E9D2940086560B;
					};
					CF67572824E9D29B0086560B = {
						CreatedOnToolsVersion = 11.6;
						TestTargetID = CF67570724E9D2940086560B;
					};
				};
			};
			buildConfigurationList = CF67570324E9D2940086560B /* Build configuration list for PBXProject "PingWhenDown" */;
			compatibilityVersion = "Xcode 9.3";
			developmentRegion = en;
			hasScannedForEncodings = 0;
			knownRegions = (
				en,
				Base,
			);
			mainGroup = CF6756FF24E9D2940086560B;
			productRefGroup = CF67570924E9D2940086560B /* Products */;
			projectDirPath = "";
			projectRoot = "";
			targets = (
				CF67570724E9D2940086560B /* PingWhenDown */,
				CF67571D24E9D29B0086560B /* PingWhenDownTests */,
				CF67572824E9D29B0086560B /* PingWhenDownUITests */,
			);
		};
/* End PBXProject section */

/* Begin PBXResourcesBuildPhase section */
		CF67570624E9D2940086560B /* Resources */ = {
			isa = PBXResourcesBuildPhase;
			buildActionMask = 2147483647;
			files = (
				CF67571824E9D29B0086560B /* LaunchScreen.storyboard in Resources */,
				CF67571524E9D29B0086560B /* Preview Assets.xcassets in Resources */,
				CF67571224E9D29B0086560B /* Assets.xcassets in Resources */,
			);
			runOnlyForDeploymentPostprocessing = 0;
		};
		CF67571C24E9D29B0086560B /* Resources */ = {
			isa = PBXResourcesBuildPhase;
			buildActionMask = 2147483647;
			files = (
			);
			runOnlyForDeploymentPostprocessing = 0;
		};
		CF67572724E9D29B0086560B /* Resources */ = {
			isa = PBXResourcesBuildPhase;
			buildActionMask = 2147483647;
			files = (
			);
			runOnlyForDeploymentPostprocessing = 0;
		};
/* End PBXResourcesBuildPhase section */

/* Begin PBXSourcesBuildPhase section */
		CF67570424E9D2940086560B /* Sources */ = {
			isa = PBXSourcesBuildPhase;
			buildActionMask = 2147483647;
			files = (
				CF910A8624EC0169007FF06A /* ListStatusIcon.swift in Sources */,
				CF67570C24E9D2940086560B /* AppDelegate.swift in Sources */,
				CF910A8A24EC042C007FF06A /* Website.swift in Sources */,
				CF67570E24E9D2940086560B /* SceneDelegate.swift in Sources */,
				CF910A8324EBFDEA007FF06A /* ListRow.swift in Sources */,
				CF67571024E9D2940086560B /* ContentView.swift in Sources */,
			);
			runOnlyForDeploymentPostprocessing = 0;
		};
		CF67571A24E9D29B0086560B /* Sources */ = {
			isa = PBXSourcesBuildPhase;
			buildActionMask = 2147483647;
			files = (
				CF67572324E9D29B0086560B /* PingWhenDownTests.swift in Sources */,
			);
			runOnlyForDeploymentPostprocessing = 0;
		};
		CF67572524E9D29B0086560B /* Sources */ = {
			isa = PBXSourcesBuildPhase;
			buildActionMask = 2147483647;
			files = (
				CF67572E24E9D29B0086560B /* PingWhenDownUITests.swift in Sources */,
			);
			runOnlyForDeploymentPostprocessing = 0;
		};
/* End PBXSourcesBuildPhase section */

/* Begin PBXTargetDependency section */
		CF67572024E9D29B0086560B /* PBXTargetDependency */ = {
			isa = PBXTargetDependency;
			target = CF67570724E9D2940086560B /* PingWhenDown */;
			targetProxy = CF67571F24E9D29B0086560B /* PBXContainerItemProxy */;
		};
		CF67572B24E9D29B0086560B /* PBXTargetDependency */ = {
			isa = PBXTargetDependency;
			target = CF67570724E9D2940086560B /* PingWhenDown */;
			targetProxy = CF67572A24E9D29B0086560B /* PBXContainerItemProxy */;
		};
/* End PBXTargetDependency section */

/* Begin PBXVariantGroup section */
		CF67571624E9D29B0086560B /* LaunchScreen.storyboard */ = {
			isa = PBXVariantGroup;
			children = (
				CF67571724E9D29B0086560B /* Base */,
			);
			name = LaunchScreen.storyboard;
			sourceTree = "<group>";
		};
/* End PBXVariantGroup section */

/* Begin XCBuildConfiguration section */
		CF67573024E9D29B0086560B /* Debug */ = {
			isa = XCBuildConfiguration;
			buildSettings = {
				ALWAYS_SEARCH_USER_PATHS = NO;
				CLANG_ANALYZER_NONNULL = YES;
				CLANG_ANALYZER_NUMBER_OBJECT_CONVERSION = YES_AGGRESSIVE;
				CLANG_CXX_LANGUAGE_STANDARD = "gnu++14";
				CLANG_CXX_LIBRARY = "libc++";
				CLANG_ENABLE_MODULES = YES;
				CLANG_ENABLE_OBJC_ARC = YES;
				CLANG_ENABLE_OBJC_WEAK = YES;
				CLANG_WARN_BLOCK_CAPTURE_AUTORELEASING = YES;
				CLANG_WARN_BOOL_CONVERSION = YES;
				CLANG_WARN_COMMA = YES;
				CLANG_WARN_CONSTANT_CONVERSION = YES;
				CLANG_WARN_DEPRECATED_OBJC_IMPLEMENTATIONS = YES;
				CLANG_WARN_DIRECT_OBJC_ISA_USAGE = YES_ERROR;
				CLANG_WARN_DOCUMENTATION_COMMENTS = YES;
				CLANG_WARN_EMPTY_BODY = YES;
				CLANG_WARN_ENUM_CONVERSION = YES;
				CLANG_WARN_INFINITE_RECURSION = YES;
				CLANG_WARN_INT_CONVERSION = YES;
				CLANG_WARN_NON_LITERAL_NULL_CONVERSION = YES;
				CLANG_WARN_OBJC_IMPLICIT_RETAIN_SELF = YES;
				CLANG_WARN_OBJC_LITERAL_CONVERSION = YES;
				CLANG_WARN_OBJC_ROOT_CLASS = YES_ERROR;
				CLANG_WARN_RANGE_LOOP_ANALYSIS = YES;
				CLANG_WARN_STRICT_PROTOTYPES = YES;
				CLANG_WARN_SUSPICIOUS_MOVE = YES;
				CLANG_WARN_UNGUARDED_AVAILABILITY = YES_AGGRESSIVE;
				CLANG_WARN_UNREACHABLE_CODE = YES;
				CLANG_WARN__DUPLICATE_METHOD_MATCH = YES;
				COPY_PHASE_STRIP = NO;
				DEBUG_INFORMATION_FORMAT = dwarf;
				ENABLE_STRICT_OBJC_MSGSEND = YES;
				ENABLE_TESTABILITY = YES;
				GCC_C_LANGUAGE_STANDARD = gnu11;
				GCC_DYNAMIC_NO_PIC = NO;
				GCC_NO_COMMON_BLOCKS = YES;
				GCC_OPTIMIZATION_LEVEL = 0;
				GCC_PREPROCESSOR_DEFINITIONS = (
					"DEBUG=1",
					"$(inherited)",
				);
				GCC_WARN_64_TO_32_BIT_CONVERSION = YES;
				GCC_WARN_ABOUT_RETURN_TYPE = YES_ERROR;
				GCC_WARN_UNDECLARED_SELECTOR = YES;
				GCC_WARN_UNINITIALIZED_AUTOS = YES_AGGRESSIVE;
				GCC_WARN_UNUSED_FUNCTION = YES;
				GCC_WARN_UNUSED_VARIABLE = YES;
				IPHONEOS_DEPLOYMENT_TARGET = 13.6;
				MTL_ENABLE_DEBUG_INFO = INCLUDE_SOURCE;
				MTL_FAST_MATH = YES;
				ONLY_ACTIVE_ARCH = YES;
				SDKROOT = iphoneos;
				SWIFT_ACTIVE_COMPILATION_CONDITIONS = DEBUG;
				SWIFT_OPTIMIZATION_LEVEL = "-Onone";
			};
			name = Debug;
		};
		CF67573124E9D29B0086560B /* Release */ = {
			isa = XCBuildConfiguration;
			buildSettings = {
				ALWAYS_SEARCH_USER_PATHS = NO;
				CLANG_ANALYZER_NONNULL = YES;
				CLANG_ANALYZER_NUMBER_OBJECT_CONVERSION = YES_AGGRESSIVE;
				CLANG_CXX_LANGUAGE_STANDARD = "gnu++14";
				CLANG_CXX_LIBRARY = "libc++";
				CLANG_ENABLE_MODULES = YES;
				CLANG_ENABLE_OBJC_ARC = YES;
				CLANG_ENABLE_OBJC_WEAK = YES;
				CLANG_WARN_BLOCK_CAPTURE_AUTORELEASING = YES;
				CLANG_WARN_BOOL_CONVERSION = YES;
				CLANG_WARN_COMMA = YES;
				CLANG_WARN_CONSTANT_CONVERSION = YES;
				CLANG_WARN_DEPRECATED_OBJC_IMPLEMENTATIONS = YES;
				CLANG_WARN_DIRECT_OBJC_ISA_USAGE = YES_ERROR;
				CLANG_WARN_DOCUMENTATION_COMMENTS = YES;
				CLANG_WARN_EMPTY_BODY = YES;
				CLANG_WARN_ENUM_CONVERSION = YES;
				CLANG_WARN_INFINITE_RECURSION = YES;
				CLANG_WARN_INT_CONVERSION = YES;
				CLANG_WARN_NON_LITERAL_NULL_CONVERSION = YES;
				CLANG_WARN_OBJC_IMPLICIT_RETAIN_SELF = YES;
				CLANG_WARN_OBJC_LITERAL_CONVERSION = YES;
				CLANG_WARN_OBJC_ROOT_CLASS = YES_ERROR;
				CLANG_WARN_RANGE_LOOP_ANALYSIS = YES;
				CLANG_WARN_STRICT_PROTOTYPES = YES;
				CLANG_WARN_SUSPICIOUS_MOVE = YES;
				CLANG_WARN_UNGUARDED_AVAILABILITY = YES_AGGRESSIVE;
				CLANG_WARN_UNREACHABLE_CODE = YES;
				CLANG_WARN__DUPLICATE_METHOD_MATCH = YES;
				COPY_PHASE_STRIP = NO;
				DEBUG_INFORMATION_FORMAT = "dwarf-with-dsym";
				ENABLE_NS_ASSERTIONS = NO;
				ENABLE_STRICT_OBJC_MSGSEND = YES;
				GCC_C_LANGUAGE_STANDARD = gnu11;
				GCC_NO_COMMON_BLOCKS = YES;
				GCC_WARN_64_TO_32_BIT_CONVERSION = YES;
				GCC_WARN_ABOUT_RETURN_TYPE = YES_ERROR;
				GCC_WARN_UNDECLARED_SELECTOR = YES;
				GCC_WARN_UNINITIALIZED_AUTOS = YES_AGGRESSIVE;
				GCC_WARN_UNUSED_FUNCTION = YES;
				GCC_WARN_UNUSED_VARIABLE = YES;
				IPHONEOS_DEPLOYMENT_TARGET = 13.6;
				MTL_ENABLE_DEBUG_INFO = NO;
				MTL_FAST_MATH = YES;
				SDKROOT = iphoneos;
				SWIFT_COMPILATION_MODE = wholemodule;
				SWIFT_OPTIMIZATION_LEVEL = "-O";
				VALIDATE_PRODUCT = YES;
			};
			name = Release;
		};
		CF67573324E9D29B0086560B /* Debug */ = {
			isa = XCBuildConfiguration;
			buildSettings = {
				ASSETCATALOG_COMPILER_APPICON_NAME = AppIcon;
				CODE_SIGN_STYLE = Automatic;
				DEVELOPMENT_ASSET_PATHS = "\"PingWhenDown/Preview Content\"";
				DEVELOPMENT_TEAM = D7S2TY22W7;
				ENABLE_PREVIEWS = YES;
				INFOPLIST_FILE = PingWhenDown/Info.plist;
				LD_RUNPATH_SEARCH_PATHS = (
					"$(inherited)",
					"@executable_path/Frameworks",
				);
				PRODUCT_BUNDLE_IDENTIFIER = com.joao.earth.PingWhenDown;
				PRODUCT_NAME = "$(TARGET_NAME)";
				SWIFT_VERSION = 5.0;
				TARGETED_DEVICE_FAMILY = "1,2";
			};
			name = Debug;
		};
		CF67573424E9D29B0086560B /* Release */ = {
			isa = XCBuildConfiguration;
			buildSettings = {
				ASSETCATALOG_COMPILER_APPICON_NAME = AppIcon;
				CODE_SIGN_STYLE = Automatic;
				DEVELOPMENT_ASSET_PATHS = "\"PingWhenDown/Preview Content\"";
				DEVELOPMENT_TEAM = D7S2TY22W7;
				ENABLE_PREVIEWS = YES;
				INFOPLIST_FILE = PingWhenDown/Info.plist;
				LD_RUNPATH_SEARCH_PATHS = (
					"$(inherited)",
					"@executable_path/Frameworks",
				);
				PRODUCT_BUNDLE_IDENTIFIER = com.joao.earth.PingWhenDown;
				PRODUCT_NAME = "$(TARGET_NAME)";
				SWIFT_VERSION = 5.0;
				TARGETED_DEVICE_FAMILY = "1,2";
			};
			name = Release;
		};
		CF67573624E9D29B0086560B /* Debug */ = {
			isa = XCBuildConfiguration;
			buildSettings = {
				ALWAYS_EMBED_SWIFT_STANDARD_LIBRARIES = YES;
				BUNDLE_LOADER = "$(TEST_HOST)";
				CODE_SIGN_STYLE = Automatic;
				DEVELOPMENT_TEAM = D7S2TY22W7;
				INFOPLIST_FILE = PingWhenDownTests/Info.plist;
				IPHONEOS_DEPLOYMENT_TARGET = 13.6;
				LD_RUNPATH_SEARCH_PATHS = (
					"$(inherited)",
					"@executable_path/Frameworks",
					"@loader_path/Frameworks",
				);
				PRODUCT_BUNDLE_IDENTIFIER = com.joao.earth.PingWhenDownTests;
				PRODUCT_NAME = "$(TARGET_NAME)";
				SWIFT_VERSION = 5.0;
				TARGETED_DEVICE_FAMILY = "1,2";
				TEST_HOST = "$(BUILT_PRODUCTS_DIR)/PingWhenDown.app/PingWhenDown";
			};
			name = Debug;
		};
		CF67573724E9D29B0086560B /* Release */ = {
			isa = XCBuildConfiguration;
			buildSettings = {
				ALWAYS_EMBED_SWIFT_STANDARD_LIBRARIES = YES;
				BUNDLE_LOADER = "$(TEST_HOST)";
				CODE_SIGN_STYLE = Automatic;
				DEVELOPMENT_TEAM = D7S2TY22W7;
				INFOPLIST_FILE = PingWhenDownTests/Info.plist;
				IPHONEOS_DEPLOYMENT_TARGET = 13.6;
				LD_RUNPATH_SEARCH_PATHS = (
					"$(inherited)",
					"@executable_path/Frameworks",
					"@loader_path/Frameworks",
				);
				PRODUCT_BUNDLE_IDENTIFIER = com.joao.earth.PingWhenDownTests;
				PRODUCT_NAME = "$(TARGET_NAME)";
				SWIFT_VERSION = 5.0;
				TARGETED_DEVICE_FAMILY = "1,2";
				TEST_HOST = "$(BUILT_PRODUCTS_DIR)/PingWhenDown.app/PingWhenDown";
			};
			name = Release;
		};
		CF67573924E9D29B0086560B /* Debug */ = {
			isa = XCBuildConfiguration;
			buildSettings = {
				ALWAYS_EMBED_SWIFT_STANDARD_LIBRARIES = YES;
				CODE_SIGN_STYLE = Automatic;
				DEVELOPMENT_TEAM = D7S2TY22W7;
				INFOPLIST_FILE = PingWhenDownUITests/Info.plist;
				LD_RUNPATH_SEARCH_PATHS = (
					"$(inherited)",
					"@executable_path/Frameworks",
					"@loader_path/Frameworks",
				);
				PRODUCT_BUNDLE_IDENTIFIER = com.joao.earth.PingWhenDownUITests;
				PRODUCT_NAME = "$(TARGET_NAME)";
				SWIFT_VERSION = 5.0;
				TARGETED_DEVICE_FAMILY = "1,2";
				TEST_TARGET_NAME = PingWhenDown;
			};
			name = Debug;
		};
		CF67573A24E9D29B0086560B /* Release */ = {
			isa = XCBuildConfiguration;
			buildSettings = {
				ALWAYS_EMBED_SWIFT_STANDARD_LIBRARIES = YES;
				CODE_SIGN_STYLE = Automatic;
				DEVELOPMENT_TEAM = D7S2TY22W7;
				INFOPLIST_FILE = PingWhenDownUITests/Info.plist;
				LD_RUNPATH_SEARCH_PATHS = (
					"$(inherited)",
					"@executable_path/Frameworks",
					"@loader_path/Frameworks",
				);
				PRODUCT_BUNDLE_IDENTIFIER = com.joao.earth.PingWhenDownUITests;
				PRODUCT_NAME = "$(TARGET_NAME)";
				SWIFT_VERSION = 5.0;
				TARGETED_DEVICE_FAMILY = "1,2";
				TEST_TARGET_NAME = PingWhenDown;
			};
			name = Release;
		};
/* End XCBuildConfiguration section */

/* Begin XCConfigurationList section */
		CF67570324E9D2940086560B /* Build configuration list for PBXProject "PingWhenDown" */ = {
			isa = XCConfigurationList;
			buildConfigurations = (
				CF67573024E9D29B0086560B /* Debug */,
				CF67573124E9D29B0086560B /* Release */,
			);
			defaultConfigurationIsVisible = 0;
			defaultConfigurationName = Release;
		};
		CF67573224E9D29B0086560B /* Build configuration list for PBXNativeTarget "PingWhenDown" */ = {
			isa = XCConfigurationList;
			buildConfigurations = (
				CF67573324E9D29B0086560B /* Debug */,
				CF67573424E9D29B0086560B /* Release */,
			);
			defaultConfigurationIsVisible = 0;
			defaultConfigurationName = Release;
		};
		CF67573524E9D29B0086560B /* Build configuration list for PBXNativeTarget "PingWhenDownTests" */ = {
			isa = XCConfigurationList;
			buildConfigurations = (
				CF67573624E9D29B0086560B /* Debug */,
				CF67573724E9D29B0086560B /* Release */,
			);
			defaultConfigurationIsVisible = 0;
			defaultConfigurationName = Release;
		};
		CF67573824E9D29B0086560B /* Build configuration list for PBXNativeTarget "PingWhenDownUITests" */ = {
			isa = XCConfigurationList;
			buildConfigurations = (
				CF67573924E9D29B0086560B /* Debug */,
				CF67573A24E9D29B0086560B /* Release */,
			);
			defaultConfigurationIsVisible = 0;
			defaultConfigurationName = Release;
		};
/* End XCConfigurationList section */
	};
	rootObject = CF67570024E9D2940086560B /* Project object */;
}
